
Microsoft Visual Studio Solution File, Format Version 12.00
# Visual Studio Version 17
VisualStudioVersion = 17.0.32014.148
MinimumVisualStudioVersion = 10.0.40219.1
Project("{9A19103F-16F7-4668-BE54-9A1E7A4F7556}") = "EkTools", "EkTools\EkTools.csproj", "{8EB08791-D589-4671-842E-6386E0152BF5}"
EndProject
Project("{9A19103F-16F7-4668-BE54-9A1E7A4F7556}") = "EkCommunicationClient", "EkCommunicationClient\EkCommunicationClient.csproj", "{6E8AE6AA-6FE3-44F1-9AFB-02310A07E98F}"
EndProject
Project("{9A19103F-16F7-4668-BE54-9A1E7A4F7556}") = "EkCommunication", "EkCommunication\EkCommunication.csproj", "{95E84364-67CE-420C-AA1E-C51E3BBDC1D8}"
EndProject
Project("{9A19103F-16F7-4668-BE54-9A1E7A4F7556}") = "EkCommunication.Mqtt", "EkCommunication.Mqtt\EkCommunication.Mqtt.csproj", "{7CBB4A40-AD78-4F1A-8946-40D897572B4D}"
EndProject
Project("{9A19103F-16F7-4668-BE54-9A1E7A4F7556}") = "EkCommunication.OpcUa", "EkCommunication.OpcUa\EkCommunication.OpcUa.csproj", "{B2E2A4DE-1636-43C8-9358-A54F8A448552}"
EndProject
Project("{FAE04EC0-301F-11D3-BF4B-00C04F79EFBC}") = "EkCommunication.OpcUa.FormBrowseServer", "EkCommunication.OpcUa.FormBrowseServer\EkCommunication.OpcUa.FormBrowseServer.csproj", "{E9C0F5EF-46C7-4A6C-8591-D413507D3389}"
EndProject
Project("{9A19103F-16F7-4668-BE54-9A1E7A4F7556}") = "EkCommunication.RabbitMQ", "EkCommunication.RabbitMQ\EkCommunication.RabbitMQ.csproj", "{EC24894D-FFE8-491C-91D0-10B6BABABF6E}"
EndProject
Project("{9A19103F-16F7-4668-BE54-9A1E7A4F7556}") = "EkCommunication.EKSerialPort", "EkCommunication.EKSerialPort\EkCommunication.EKSerialPort.csproj", "{1EB14EE4-4FBC-48D7-BB50-FC4C1F38609D}"
EndProject
Project("{9A19103F-16F7-4668-BE54-9A1E7A4F7556}") = "Demo", "Demo\Demo.csproj", "{637738A4-5E04-41D4-9CDC-644ECDA19012}"
EndProject
Project("{9A19103F-16F7-4668-BE54-9A1E7A4F7556}") = "EkCommunication.Kafka", "EkCommunication.Kafka\EkCommunication.Kafka.csproj", "{A1FC82CE-C8A0-4ACF-95BC-DB83644DA0B2}"
EndProject
Project("{9A19103F-16F7-4668-BE54-9A1E7A4F7556}") = "EkCommunication.Elasticsearch", "EkCommunication.Elasticsearch\EkCommunication.Elasticsearch.csproj", "{68A082CE-1864-44A3-91E6-9C928DA886D8}"
EndProject
Project("{9A19103F-16F7-4668-BE54-9A1E7A4F7556}") = "EkCommunication.OpcUa.WinFrom", "EkCommunication.OpcUa.WinFrom\EkCommunication.OpcUa.WinFrom.csproj", "{D8250110-F350-459E-9656-C04A4D2A408F}"
EndProject
Project("{FAE04EC0-301F-11D3-BF4B-00C04F79EFBC}") = "EkCommunication.Modbus", "EkCommunication.Modbus\EkCommunication.Modbus.csproj", "{EED9B99A-FE4F-476F-BB59-9DB1DA4D4805}"
EndProject
Project("{2150E333-8FDC-42A3-9474-1A3956D46DE8}") = "src", "src", "{CABCDDFF-404C-4FDC-866E-4C5ECC0BC55B}"
EndProject
Project("{2150E333-8FDC-42A3-9474-1A3956D46DE8}") = "test", "test", "{F6912D80-2643-4F3D-A365-BB07B2498022}"
EndProject
Project("{FAE04EC0-301F-11D3-BF4B-00C04F79EFBC}") = "EkCommunication.Modbus.Test", "..\test\EkCommunication.Modbus.Test\EkCommunication.Modbus.Test.csproj", "{DE48E5D7-D97F-4745-8794-2683C71CAF6C}"
EndProject
Global
	GlobalSection(SolutionConfigurationPlatforms) = preSolution
		Debug|Any CPU = Debug|Any CPU
		Release|Any CPU = Release|Any CPU
	EndGlobalSection
	GlobalSection(ProjectConfigurationPlatforms) = postSolution
		{8EB08791-D589-4671-842E-6386E0152BF5}.Debug|Any CPU.ActiveCfg = Debug|Any CPU
		{8EB08791-D589-4671-842E-6386E0152BF5}.Debug|Any CPU.Build.0 = Debug|Any CPU
		{8EB08791-D589-4671-842E-6386E0152BF5}.Release|Any CPU.ActiveCfg = Release|Any CPU
		{8EB08791-D589-4671-842E-6386E0152BF5}.Release|Any CPU.Build.0 = Release|Any CPU
		{6E8AE6AA-6FE3-44F1-9AFB-02310A07E98F}.Debug|Any CPU.ActiveCfg = Debug|Any CPU
		{6E8AE6AA-6FE3-44F1-9AFB-02310A07E98F}.Debug|Any CPU.Build.0 = Debug|Any CPU
		{6E8AE6AA-6FE3-44F1-9AFB-02310A07E98F}.Release|Any CPU.ActiveCfg = Release|Any CPU
		{6E8AE6AA-6FE3-44F1-9AFB-02310A07E98F}.Release|Any CPU.Build.0 = Release|Any CPU
		{95E84364-67CE-420C-AA1E-C51E3BBDC1D8}.Debug|Any CPU.ActiveCfg = Debug|Any CPU
		{95E84364-67CE-420C-AA1E-C51E3BBDC1D8}.Debug|Any CPU.Build.0 = Debug|Any CPU
		{95E84364-67CE-420C-AA1E-C51E3BBDC1D8}.Release|Any CPU.ActiveCfg = Release|Any CPU
		{95E84364-67CE-420C-AA1E-C51E3BBDC1D8}.Release|Any CPU.Build.0 = Release|Any CPU
		{7CBB4A40-AD78-4F1A-8946-40D897572B4D}.Debug|Any CPU.ActiveCfg = Debug|Any CPU
		{7CBB4A40-AD78-4F1A-8946-40D897572B4D}.Debug|Any CPU.Build.0 = Debug|Any CPU
		{7CBB4A40-AD78-4F1A-8946-40D897572B4D}.Release|Any CPU.ActiveCfg = Release|Any CPU
		{7CBB4A40-AD78-4F1A-8946-40D897572B4D}.Release|Any CPU.Build.0 = Release|Any CPU
		{B2E2A4DE-1636-43C8-9358-A54F8A448552}.Debug|Any CPU.ActiveCfg = Debug|Any CPU
		{B2E2A4DE-1636-43C8-9358-A54F8A448552}.Debug|Any CPU.Build.0 = Debug|Any CPU
		{B2E2A4DE-1636-43C8-9358-A54F8A448552}.Release|Any CPU.ActiveCfg = Release|Any CPU
		{B2E2A4DE-1636-43C8-9358-A54F8A448552}.Release|Any CPU.Build.0 = Release|Any CPU
		{E9C0F5EF-46C7-4A6C-8591-D413507D3389}.Debug|Any CPU.ActiveCfg = Debug|Any CPU
		{E9C0F5EF-46C7-4A6C-8591-D413507D3389}.Debug|Any CPU.Build.0 = Debug|Any CPU
		{E9C0F5EF-46C7-4A6C-8591-D413507D3389}.Release|Any CPU.ActiveCfg = Release|Any CPU
		{E9C0F5EF-46C7-4A6C-8591-D413507D3389}.Release|Any CPU.Build.0 = Release|Any CPU
		{EC24894D-FFE8-491C-91D0-10B6BABABF6E}.Debug|Any CPU.ActiveCfg = Debug|Any CPU
		{EC24894D-FFE8-491C-91D0-10B6BABABF6E}.Debug|Any CPU.Build.0 = Debug|Any CPU
		{EC24894D-FFE8-491C-91D0-10B6BABABF6E}.Release|Any CPU.ActiveCfg = Release|Any CPU
		{EC24894D-FFE8-491C-91D0-10B6BABABF6E}.Release|Any CPU.Build.0 = Release|Any CPU
		{1EB14EE4-4FBC-48D7-BB50-FC4C1F38609D}.Debug|Any CPU.ActiveCfg = Debug|Any CPU
		{1EB14EE4-4FBC-48D7-BB50-FC4C1F38609D}.Debug|Any CPU.Build.0 = Debug|Any CPU
		{1EB14EE4-4FBC-48D7-BB50-FC4C1F38609D}.Release|Any CPU.ActiveCfg = Release|Any CPU
		{1EB14EE4-4FBC-48D7-BB50-FC4C1F38609D}.Release|Any CPU.Build.0 = Release|Any CPU
		{637738A4-5E04-41D4-9CDC-644ECDA19012}.Debug|Any CPU.ActiveCfg = Debug|Any CPU
		{637738A4-5E04-41D4-9CDC-644ECDA19012}.Debug|Any CPU.Build.0 = Debug|Any CPU
		{637738A4-5E04-41D4-9CDC-644ECDA19012}.Release|Any CPU.ActiveCfg = Release|Any CPU
		{637738A4-5E04-41D4-9CDC-644ECDA19012}.Release|Any CPU.Build.0 = Release|Any CPU
		{A1FC82CE-C8A0-4ACF-95BC-DB83644DA0B2}.Debug|Any CPU.ActiveCfg = Debug|Any CPU
		{A1FC82CE-C8A0-4ACF-95BC-DB83644DA0B2}.Debug|Any CPU.Build.0 = Debug|Any CPU
		{A1FC82CE-C8A0-4ACF-95BC-DB83644DA0B2}.Release|Any CPU.ActiveCfg = Release|Any CPU
		{A1FC82CE-C8A0-4ACF-95BC-DB83644DA0B2}.Release|Any CPU.Build.0 = Release|Any CPU
		{68A082CE-1864-44A3-91E6-9C928DA886D8}.Debug|Any CPU.ActiveCfg = Debug|Any CPU
		{68A082CE-1864-44A3-91E6-9C928DA886D8}.Debug|Any CPU.Build.0 = Debug|Any CPU
		{68A082CE-1864-44A3-91E6-9C928DA886D8}.Release|Any CPU.ActiveCfg = Release|Any CPU
		{68A082CE-1864-44A3-91E6-9C928DA886D8}.Release|Any CPU.Build.0 = Release|Any CPU
		{D8250110-F350-459E-9656-C04A4D2A408F}.Debug|Any CPU.ActiveCfg = Debug|Any CPU
		{D8250110-F350-459E-9656-C04A4D2A408F}.Debug|Any CPU.Build.0 = Debug|Any CPU
		{D8250110-F350-459E-9656-C04A4D2A408F}.Release|Any CPU.ActiveCfg = Release|Any CPU
		{D8250110-F350-459E-9656-C04A4D2A408F}.Release|Any CPU.Build.0 = Release|Any CPU
		{EED9B99A-FE4F-476F-BB59-9DB1DA4D4805}.Debug|Any CPU.ActiveCfg = Debug|Any CPU
		{EED9B99A-FE4F-476F-BB59-9DB1DA4D4805}.Debug|Any CPU.Build.0 = Debug|Any CPU
		{EED9B99A-FE4F-476F-BB59-9DB1DA4D4805}.Release|Any CPU.ActiveCfg = Release|Any CPU
		{EED9B99A-FE4F-476F-BB59-9DB1DA4D4805}.Release|Any CPU.Build.0 = Release|Any CPU
		{DE48E5D7-D97F-4745-8794-2683C71CAF6C}.Debug|Any CPU.ActiveCfg = Debug|Any CPU
		{DE48E5D7-D97F-4745-8794-2683C71CAF6C}.Debug|Any CPU.Build.0 = Debug|Any CPU
		{DE48E5D7-D97F-4745-8794-2683C71CAF6C}.Release|Any CPU.ActiveCfg = Release|Any CPU
		{DE48E5D7-D97F-4745-8794-2683C71CAF6C}.Release|Any CPU.Build.0 = Release|Any CPU
	EndGlobalSection
	GlobalSection(SolutionProperties) = preSolution
		HideSolutionNode = FALSE
	EndGlobalSection
	GlobalSection(NestedProjects) = preSolution
		{8EB08791-D589-4671-842E-6386E0152BF5} = {CABCDDFF-404C-4FDC-866E-4C5ECC0BC55B}
		{6E8AE6AA-6FE3-44F1-9AFB-02310A07E98F} = {CABCDDFF-404C-4FDC-866E-4C5ECC0BC55B}
		{95E84364-67CE-420C-AA1E-C51E3BBDC1D8} = {CABCDDFF-404C-4FDC-866E-4C5ECC0BC55B}
		{7CBB4A40-AD78-4F1A-8946-40D897572B4D} = {CABCDDFF-404C-4FDC-866E-4C5ECC0BC55B}
		{B2E2A4DE-1636-43C8-9358-A54F8A448552} = {CABCDDFF-404C-4FDC-866E-4C5ECC0BC55B}
		{E9C0F5EF-46C7-4A6C-8591-D413507D3389} = {CABCDDFF-404C-4FDC-866E-4C5ECC0BC55B}
		{EC24894D-FFE8-491C-91D0-10B6BABABF6E} = {CABCDDFF-404C-4FDC-866E-4C5ECC0BC55B}
		{1EB14EE4-4FBC-48D7-BB50-FC4C1F38609D} = {CABCDDFF-404C-4FDC-866E-4C5ECC0BC55B}
		{637738A4-5E04-41D4-9CDC-644ECDA19012} = {CABCDDFF-404C-4FDC-866E-4C5ECC0BC55B}
		{A1FC82CE-C8A0-4ACF-95BC-DB83644DA0B2} = {CABCDDFF-404C-4FDC-866E-4C5ECC0BC55B}
		{68A082CE-1864-44A3-91E6-9C928DA886D8} = {CABCDDFF-404C-4FDC-866E-4C5ECC0BC55B}
		{D8250110-F350-459E-9656-C04A4D2A408F} = {CABCDDFF-404C-4FDC-866E-4C5ECC0BC55B}
		{EED9B99A-FE4F-476F-BB59-9DB1DA4D4805} = {CABCDDFF-404C-4FDC-866E-4C5ECC0BC55B}
		{DE48E5D7-D97F-4745-8794-2683C71CAF6C} = {F6912D80-2643-4F3D-A365-BB07B2498022}
	EndGlobalSection
	GlobalSection(ExtensibilityGlobals) = postSolution
		SolutionGuid = {8480F004-1D20-407B-BE26-837347ADEACD}
	EndGlobalSection
EndGlobal
